
Microsoft Visual Studio Solution File, Format Version 12.00
# Visual Studio 15
VisualStudioVersion = 15.0.28307.1022
MinimumVisualStudioVersion = 10.0.40219.1
Project("{FAE04EC0-301F-11D3-BF4B-00C04F79EFBC}") = "ABTrainingApp", "ABTrainingApp\ABTrainingApp.csproj", "{47C7B6E0-F8D8-42F4-B008-6F2D49049722}"
EndProject
Global
	GlobalSection(SolutionConfigurationPlatforms) = preSolution
		Debug|Any CPU = Debug|Any CPU
		Release|Any CPU = Release|Any CPU
	EndGlobalSection
	GlobalSection(ProjectConfigurationPlatforms) = postSolution
		{47C7B6E0-F8D8-42F4-B008-6F2D49049722}.Debug|Any CPU.ActiveCfg = Debug|Any CPU
		{47C7B6E0-F8D8-42F4-B008-6F2D49049722}.Debug|Any CPU.Build.0 = Debug|Any CPU
		{47C7B6E0-F8D8-42F4-B008-6F2D49049722}.Release|Any CPU.ActiveCfg = Release|Any CPU
		{47C7B6E0-F8D8-42F4-B008-6F2D49049722}.Release|Any CPU.Build.0 = Release|Any CPU
	EndGlobalSection
	GlobalSection(SolutionProperties) = preSolution
		HideSolutionNode = FALSE
	EndGlobalSection
	GlobalSection(ExtensibilityGlobals) = postSolution
		SolutionGuid = {DE82C1A7-E84B-4BF4-813B-DDE549885890}
	EndGlobalSection
EndGlobal
